
Microsoft Visual Studio Solution File, Format Version 12.00
# Visual Studio Version 16
VisualStudioVersion = 16.0.29201.188
MinimumVisualStudioVersion = 10.0.40219.1
Project("{FAE04EC0-301F-11D3-BF4B-00C04F79EFBC}") = "ServiExpress", "ServiExpress\ServiExpress.csproj", "{55A45200-CF53-4D28-B3CB-5545012C31C6}"
EndProject
Project("{FAE04EC0-301F-11D3-BF4B-00C04F79EFBC}") = "BLL", "BLL\BLL.csproj", "{8E2B6698-E915-4640-BB06-FA47D34BE4F8}"
EndProject
Project("{FAE04EC0-301F-11D3-BF4B-00C04F79EFBC}") = "DAL", "DAL\DAL.csproj", "{8F2EA242-F7C8-4FCE-88F8-5F085430603F}"
EndProject
Global
	GlobalSection(SolutionConfigurationPlatforms) = preSolution
		Debug|Any CPU = Debug|Any CPU
		Release|Any CPU = Release|Any CPU
	EndGlobalSection
	GlobalSection(ProjectConfigurationPlatforms) = postSolution
		{55A45200-CF53-4D28-B3CB-5545012C31C6}.Debug|Any CPU.ActiveCfg = Debug|Any CPU
		{55A45200-CF53-4D28-B3CB-5545012C31C6}.Debug|Any CPU.Build.0 = Debug|Any CPU
		{55A45200-CF53-4D28-B3CB-5545012C31C6}.Release|Any CPU.ActiveCfg = Release|Any CPU
		{55A45200-CF53-4D28-B3CB-5545012C31C6}.Release|Any CPU.Build.0 = Release|Any CPU
		{8E2B6698-E915-4640-BB06-FA47D34BE4F8}.Debug|Any CPU.ActiveCfg = Debug|Any CPU
		{8E2B6698-E915-4640-BB06-FA47D34BE4F8}.Debug|Any CPU.Build.0 = Debug|Any CPU
		{8E2B6698-E915-4640-BB06-FA47D34BE4F8}.Release|Any CPU.ActiveCfg = Release|Any CPU
		{8E2B6698-E915-4640-BB06-FA47D34BE4F8}.Release|Any CPU.Build.0 = Release|Any CPU
		{8F2EA242-F7C8-4FCE-88F8-5F085430603F}.Debug|Any CPU.ActiveCfg = Debug|Any CPU
		{8F2EA242-F7C8-4FCE-88F8-5F085430603F}.Debug|Any CPU.Build.0 = Debug|Any CPU
		{8F2EA242-F7C8-4FCE-88F8-5F085430603F}.Release|Any CPU.ActiveCfg = Release|Any CPU
		{8F2EA242-F7C8-4FCE-88F8-5F085430603F}.Release|Any CPU.Build.0 = Release|Any CPU
	EndGlobalSection
	GlobalSection(SolutionProperties) = preSolution
		HideSolutionNode = FALSE
	EndGlobalSection
	GlobalSection(ExtensibilityGlobals) = postSolution
		SolutionGuid = {2E3D6E6C-C854-49EA-9E1B-BD6FF2582B97}
	EndGlobalSection
EndGlobal
